
Microsoft Visual Studio Solution File, Format Version 12.00
# Visual Studio 15
VisualStudioVersion = 15.0.28010.2016
MinimumVisualStudioVersion = 10.0.40219.1
Project("{FAE04EC0-301F-11D3-BF4B-00C04F79EFBC}") = "PdfPasswordRemover", "PdfPasswordRemover\PdfPasswordRemover.csproj", "{1B571581-9528-4843-A325-F98A56452BB3}"
EndProject
Global
	GlobalSection(SolutionConfigurationPlatforms) = preSolution
		Debug|Any CPU = Debug|Any CPU
		Release|Any CPU = Release|Any CPU
	EndGlobalSection
	GlobalSection(ProjectConfigurationPlatforms) = postSolution
		{1B571581-9528-4843-A325-F98A56452BB3}.Debug|Any CPU.ActiveCfg = Debug|Any CPU
		{1B571581-9528-4843-A325-F98A56452BB3}.Debug|Any CPU.Build.0 = Debug|Any CPU
		{1B571581-9528-4843-A325-F98A56452BB3}.Release|Any CPU.ActiveCfg = Release|Any CPU
		{1B571581-9528-4843-A325-F98A56452BB3}.Release|Any CPU.Build.0 = Release|Any CPU
	EndGlobalSection
	GlobalSection(SolutionProperties) = preSolution
		HideSolutionNode = FALSE
	EndGlobalSection
	GlobalSection(ExtensibilityGlobals) = postSolution
		SolutionGuid = {4E058AF4-4483-42BB-88F8-6E0DC5B873BA}
	EndGlobalSection
EndGlobal
